
Microsoft Visual Studio Solution File, Format Version 12.00
# Visual Studio Version 16
VisualStudioVersion = 16.0.29215.179
MinimumVisualStudioVersion = 10.0.40219.1
Project("{FAE04EC0-301F-11D3-BF4B-00C04F79EFBC}") = "Secao6_RegFunc", "Secao6_RegFunc\Secao6_RegFunc.csproj", "{B28CB39F-2152-4AFD-8529-88A844C8A2F3}"
EndProject
Global
	GlobalSection(SolutionConfigurationPlatforms) = preSolution
		Debug|Any CPU = Debug|Any CPU
		Release|Any CPU = Release|Any CPU
	EndGlobalSection
	GlobalSection(ProjectConfigurationPlatforms) = postSolution
		{B28CB39F-2152-4AFD-8529-88A844C8A2F3}.Debug|Any CPU.ActiveCfg = Debug|Any CPU
		{B28CB39F-2152-4AFD-8529-88A844C8A2F3}.Debug|Any CPU.Build.0 = Debug|Any CPU
		{B28CB39F-2152-4AFD-8529-88A844C8A2F3}.Release|Any CPU.ActiveCfg = Release|Any CPU
		{B28CB39F-2152-4AFD-8529-88A844C8A2F3}.Release|Any CPU.Build.0 = Release|Any CPU
	EndGlobalSection
	GlobalSection(SolutionProperties) = preSolution
		HideSolutionNode = FALSE
	EndGlobalSection
	GlobalSection(ExtensibilityGlobals) = postSolution
		SolutionGuid = {DAA578D5-A7CC-429D-9831-0C2AE5CD1A8C}
	EndGlobalSection
EndGlobal
